
Microsoft Visual Studio Solution File, Format Version 12.00
# Visual Studio Version 17
VisualStudioVersion = 17.6.33723.286
MinimumVisualStudioVersion = 10.0.40219.1
Project("{9A19103F-16F7-4668-BE54-9A1E7A4F7556}") = "KickChatRecorder", "KickChatRecorder\KickChatRecorder.csproj", "{CC9FDD22-C99F-4401-98C1-7DA0ABA77B32}"
EndProject
Global
	GlobalSection(SolutionConfigurationPlatforms) = preSolution
		Debug|Any CPU = Debug|Any CPU
		Release|Any CPU = Release|Any CPU
	EndGlobalSection
	GlobalSection(ProjectConfigurationPlatforms) = postSolution
		{CC9FDD22-C99F-4401-98C1-7DA0ABA77B32}.Debug|Any CPU.ActiveCfg = Debug|Any CPU
		{CC9FDD22-C99F-4401-98C1-7DA0ABA77B32}.Debug|Any CPU.Build.0 = Debug|Any CPU
		{CC9FDD22-C99F-4401-98C1-7DA0ABA77B32}.Release|Any CPU.ActiveCfg = Release|Any CPU
		{CC9FDD22-C99F-4401-98C1-7DA0ABA77B32}.Release|Any CPU.Build.0 = Release|Any CPU
	EndGlobalSection
	GlobalSection(SolutionProperties) = preSolution
		HideSolutionNode = FALSE
	EndGlobalSection
	GlobalSection(ExtensibilityGlobals) = postSolution
		SolutionGuid = {94816DED-2575-4B46-90C4-F9CD93B865C5}
	EndGlobalSection
EndGlobal
